
Microsoft Visual Studio Solution File, Format Version 12.00
# Visual Studio Version 16
VisualStudioVersion = 16.0.30517.126
MinimumVisualStudioVersion = 10.0.40219.1
Project("{FAE04EC0-301F-11D3-BF4B-00C04F79EFBC}") = "NewMir", "NewMir\NewMir.csproj", "{040B59D6-830D-4350-B820-8C74A6B75D09}"
EndProject
Global
	GlobalSection(SolutionConfigurationPlatforms) = preSolution
		Debug|Any CPU = Debug|Any CPU
		Release|Any CPU = Release|Any CPU
	EndGlobalSection
	GlobalSection(ProjectConfigurationPlatforms) = postSolution
		{040B59D6-830D-4350-B820-8C74A6B75D09}.Debug|Any CPU.ActiveCfg = Debug|Any CPU
		{040B59D6-830D-4350-B820-8C74A6B75D09}.Debug|Any CPU.Build.0 = Debug|Any CPU
		{040B59D6-830D-4350-B820-8C74A6B75D09}.Release|Any CPU.ActiveCfg = Release|Any CPU
		{040B59D6-830D-4350-B820-8C74A6B75D09}.Release|Any CPU.Build.0 = Release|Any CPU
	EndGlobalSection
	GlobalSection(SolutionProperties) = preSolution
		HideSolutionNode = FALSE
	EndGlobalSection
	GlobalSection(ExtensibilityGlobals) = postSolution
		SolutionGuid = {FA2A27C3-46A8-4E62-B078-B057894AAD9C}
	EndGlobalSection
EndGlobal
